{
  "name": "mall4uni",
  "version": "1.0.0",
  "lockfileVersion": 1,
  "requires": true,
  "dependencies": {
    "animate.css": {
      "version": "4.1.1",
      "resolved": "https://registry.npmmirror.com/animate.css/-/animate.css-4.1.1.tgz",
      "integrity": "sha512-+mRmCTv6SbCmtYJCN4faJMNFVNN5EuCTTprDTAo7YzIGji2KADmakjVA3+8mVDkZ2Bf09vayB35lSQIex2+QaQ=="
    },
    "axios": {
      "version": "0.21.4",
      "resolved": "https://registry.npmjs.org/axios/-/axios-0.21.4.tgz",
      "integrity": "sha512-ut5vewkiu8jjGBdqpM44XxjuCjq9LAKeHVmoVfHVzy8eHgxxq8SbAVQNovDA8mVi05kP0Ea/n/UzcSHcTJQfNg==",
      "requires": {
        "follow-redirects": "^1.14.0"
      }
    },
    "caniuse-lite": {
      "version": "1.0.30001555",
      "resolved": "https://registry.npmjs.org/caniuse-lite/-/caniuse-lite-1.0.30001555.tgz",
      "integrity": "sha512-NzbUFKUnJ3DTcq6YyZB6+qqhfD112uR3uoEnkmfzm2wVzUNsFkU7AwBjKQ654Sp5cau0JxhFyRSn/tQZ+XfygA=="
    },
    "countup.js": {
      "version": "2.4.2",
      "resolved": "https://registry.npmmirror.com/countup.js/-/countup.js-2.4.2.tgz",
      "integrity": "sha512-EExCcu5rd7ffBj65B3CVNuS1HddN1Y4WuTfJEuocJXwZlNnlXZQ4sD9M/Cq32ZS0zR38F9vGMCw/iFcVImrNbw=="
    },
    "crypto-js": {
      "version": "4.1.1",
      "resolved": "https://registry.npmmirror.com/crypto-js/-/crypto-js-4.1.1.tgz",
      "integrity": "sha512-o2JlM7ydqd3Qk9CA0L4NL6mTzU2sdx96a+oOfPu8Mkl/PK51vSyoi8/rQ8NknZtk44vq15lmhAj9CIAGwgeWKw=="
    },
    "dayjs": {
      "version": "1.11.6",
      "resolved": "https://registry.npmmirror.com/dayjs/-/dayjs-1.11.6.tgz",
      "integrity": "sha512-zZbY5giJAinCG+7AGaw0wIhNZ6J8AhWuSXKvuc1KAyMiRsvGQWqh4L+MomvhdAYjN+lqvVCMq1I41e3YHvXkyQ=="
    },
    "decode-uri-component": {
      "version": "0.2.0",
      "resolved": "https://registry.npmjs.org/decode-uri-component/-/decode-uri-component-0.2.0.tgz",
      "integrity": "sha1-6zkTMzRYd1y4TNGh+uBiEGu4dUU=",
      "dev": true
    },
    "dom7": {
      "version": "2.1.5",
      "resolved": "https://registry.npmjs.org/dom7/-/dom7-2.1.5.tgz",
      "integrity": "sha512-xnhwVgyOh3eD++/XGtH+5qBwYTgCm0aW91GFgPJ3XG+jlsRLyJivnbP0QmUBFhI+Oaz9FV0s7cxgXHezwOEBYA==",
      "requires": {
        "ssr-window": "^2.0.0"
      }
    },
    "echarts": {
      "version": "5.4.0",
      "resolved": "https://registry.npmjs.org/echarts/-/echarts-5.4.0.tgz",
      "integrity": "sha512-uPsO9VRUIKAdFOoH3B0aNg7NRVdN7aM39/OjovjO9MwmWsAkfGyeXJhK+dbRi51iDrQWliXV60/XwLA7kg3z0w==",
      "requires": {
        "tslib": "2.3.0",
        "zrender": "5.4.0"
      }
    },
    "file-saver": {
      "version": "2.0.5",
      "resolved": "https://registry.npmmirror.com/file-saver/-/file-saver-2.0.5.tgz",
      "integrity": "sha512-P9bmyZ3h/PRG+Nzga+rbdI4OEpNDzAVyy74uVO9ATgzLK6VtAsYybF/+TOCvrc0MO793d6+42lLyZTw7/ArVzA=="
    },
    "filter-obj": {
      "version": "1.1.0",
      "resolved": "https://registry.npmjs.org/filter-obj/-/filter-obj-1.1.0.tgz",
      "integrity": "sha1-mzERErxsYSehbgFsbF1/GeCAXFs=",
      "dev": true
    },
    "follow-redirects": {
      "version": "1.15.3",
      "resolved": "https://registry.npmjs.org/follow-redirects/-/follow-redirects-1.15.3.tgz",
      "integrity": "sha512-1VzOtuEM8pC9SFU1E+8KfTjZyMztRsgEfwQl44z8A25uy13jSzTj6dyK2Df52iV0vgHCfBwLhDWevLn95w5v6Q=="
    },
    "jweixin-module": {
      "version": "1.6.0",
      "resolved": "https://registry.npmmirror.com/jweixin-module/-/jweixin-module-1.6.0.tgz",
      "integrity": "sha512-dGk9cf+ipipHmtzYmKZs5B2toX+p4hLyllGLF6xuC8t+B05oYxd8fYoaRz0T30U2n3RUv8a4iwvjhA+OcYz52w=="
    },
    "lodash-es": {
      "version": "4.17.21",
      "resolved": "https://registry.npmmirror.com/lodash-es/-/lodash-es-4.17.21.tgz",
      "integrity": "sha512-mKnC+QJ9pWVzv+C4/U3rRsHapFfHvQFoFB92e52xeyGMcX6/OlIl78je1u8vePzYZSkkogMPJ2yjxxsb89cxyw=="
    },
    "marked": {
      "version": "4.2.2",
      "resolved": "https://registry.npmmirror.com/marked/-/marked-4.2.2.tgz",
      "integrity": "sha512-JjBTFTAvuTgANXx82a5vzK9JLSMoV6V3LBVn4Uhdso6t7vXrGx7g1Cd2r6NYSsxrYbQGFCMqBDhFHyK5q2UvcQ=="
    },
    "moment": {
      "version": "2.29.4",
      "resolved": "https://registry.npmmirror.com/moment/-/moment-2.29.4.tgz",
      "integrity": "sha512-5LC9SOxjSc2HF6vO2CyuTDNivEdoz2IvyJJGj6X8DJ0eFyfszE0QiEd+iXmBvUP3WHxSjFH/vIsA0EN00cgr8w=="
    },
    "query-string": {
      "version": "6.14.1",
      "resolved": "https://registry.npmjs.org/query-string/-/query-string-6.14.1.tgz",
      "integrity": "sha512-XDxAeVmpfu1/6IjyT/gXHOl+S0vQ9owggJ30hhWKdHAsNPOcasn5o9BW0eejZqL2e4vMjhAxoW3jVHcD6mbcYw==",
      "dev": true,
      "requires": {
        "decode-uri-component": "^0.2.0",
        "filter-obj": "^1.1.0",
        "split-on-first": "^1.0.0",
        "strict-uri-encode": "^2.0.0"
      }
    },
    "split-on-first": {
      "version": "1.1.0",
      "resolved": "https://registry.npmjs.org/split-on-first/-/split-on-first-1.1.0.tgz",
      "integrity": "sha512-43ZssAJaMusuKWL8sKUBQXHWOpq8d6CfN/u1p4gUzfJkM05C8rxTmYrkIPTXapZpORA6LkkzcUulJ8FqA7Uudw==",
      "dev": true
    },
    "ssr-window": {
      "version": "2.0.0",
      "resolved": "https://registry.npmjs.org/ssr-window/-/ssr-window-2.0.0.tgz",
      "integrity": "sha512-NXzN+/HPObKAx191H3zKlYomE5WrVIkoCB5IaSdvKokxTpjBdWfr0RaP+1Z5KOfDT0ZVz+2tdtiBkhsEQ9p+0A=="
    },
    "strict-uri-encode": {
      "version": "2.0.0",
      "resolved": "https://registry.npmjs.org/strict-uri-encode/-/strict-uri-encode-2.0.0.tgz",
      "integrity": "sha1-ucczDHBChi9rFC3CdLvMWGbONUY=",
      "dev": true
    },
    "swiper": {
      "version": "5.4.5",
      "resolved": "https://registry.npmjs.org/swiper/-/swiper-5.4.5.tgz",
      "integrity": "sha512-7QjA0XpdOmiMoClfaZ2lYN6ICHcMm72LXiY+NF4fQLFidigameaofvpjEEiTQuw3xm5eksG5hzkaRsjQX57vtA==",
      "requires": {
        "dom7": "^2.1.5",
        "ssr-window": "^2.0.0"
      }
    },
    "tslib": {
      "version": "2.3.0",
      "resolved": "https://registry.npmmirror.com/tslib/-/tslib-2.3.0.tgz",
      "integrity": "sha512-N82ooyxVNm6h1riLCoyS9e3fuJ3AMG2zIZs2Gd1ATcSFjSA23Q0fzjjZeh0jbJvWVDZ0cJT8yaNNaaXHzueNjg=="
    },
    "uni-read-pages": {
      "version": "1.0.5",
      "resolved": "https://registry.npmjs.org/uni-read-pages/-/uni-read-pages-1.0.5.tgz",
      "integrity": "sha512-GkrrZ0LX0vn9R5k6RKEi0Ez3Q3e2vUpjXQ8Z6/K/d28KudI9ajqgt8WEjQFlG5EPm1K6uTArN8LlqmZTEixDUA==",
      "dev": true
    },
    "vue-awesome-swiper": {
      "version": "4.1.1",
      "resolved": "https://registry.npmjs.org/vue-awesome-swiper/-/vue-awesome-swiper-4.1.1.tgz",
      "integrity": "sha512-50um10t6N+lJaORkpwSi1wWuMmBI1sgFc9Znsi5oUykw2cO5DzLaBHcO2JNX21R+Ue4TGoIJDhhxjBHtkFrTEQ=="
    },
    "vue-jsonp": {
      "version": "2.0.0",
      "resolved": "https://registry.npmjs.org/vue-jsonp/-/vue-jsonp-2.0.0.tgz",
      "integrity": "sha512-Mzd9GNeuKP5hHFDWZNMWOsCuMILSkA6jo2l4A02wheFz3qqBzH7aSEFTey1BRCZCLizlaf1EqJ5YUtF392KspA=="
    },
    "weixin-js-sdk": {
      "version": "1.6.0",
      "resolved": "https://registry.npmmirror.com/weixin-js-sdk/-/weixin-js-sdk-1.6.0.tgz",
      "integrity": "sha512-3IYQH7aalJGFJrwdT3epvTdR1MboMiH7vIZ5BRL2eYOJ12BNah7csoMkmSZzkq1+l92sSq29XdTCVjCJoK2sBQ=="
    },
    "zrender": {
      "version": "5.4.0",
      "resolved": "https://registry.npmjs.org/zrender/-/zrender-5.4.0.tgz",
      "integrity": "sha512-rOS09Z2HSVGFs2dn/TuYk5BlCaZcVe8UDLLjj1ySYF828LATKKdxuakSZMvrDz54yiKPDYVfjdKqcX8Jky3BIA==",
      "requires": {
        "tslib": "2.3.0"
      }
    }
  }
}
